Microsoft Visual Studio Solution File, Format Version 12.00
# Visual Studio 15
VisualStudioVersion = 15.0.27130.2024
MinimumVisualStudioVersion = 10.0.40219.1
Project("{9A19103F-16F7-4668-BE54-9A1E7A4F7556}") = "Baker", "Programs\Baker\Baker.csproj", "{95F42663-0000-0000-0000-000000000000}"
EndProject
Project("{9A19103F-16F7-4668-BE54-9A1E7A4F7556}") = "CSJ2K", "CSJ2K\CSJ2K.csproj", "{C276743B-0000-0000-0000-000000000000}"
EndProject
Project("{9A19103F-16F7-4668-BE54-9A1E7A4F7556}") = "GridProxy", "Programs\GridProxy\GridProxy.csproj", "{79B51DAA-0000-0000-0000-000000000000}"
EndProject
Project("{9A19103F-16F7-4668-BE54-9A1E7A4F7556}") = "IRCGateway", "Programs\examples\IRCGateway\IRCGateway.csproj", "{89049BBC-0000-0000-0000-000000000000}"
EndProject
Project("{9A19103F-16F7-4668-BE54-9A1E7A4F7556}") = "LibreMetaverse", "LibreMetaverse\LibreMetaverse.csproj", "{27C70F3A-0000-0000-0000-000000000000}"
EndProject
Project("{9A19103F-16F7-4668-BE54-9A1E7A4F7556}") = "LibreMetaverse.GUI", "LibreMetaverse.GUI\LibreMetaverse.GUI.csproj", "{09C292AF-0000-0000-0000-000000000000}"
EndProject
Project("{9A19103F-16F7-4668-BE54-9A1E7A4F7556}") = "LibreMetaverse.Rendering.Meshmerizer", "LibreMetaverse.Rendering.Meshmerizer\LibreMetaverse.Rendering.Meshmerizer.csproj", "{95479B1D-0000-0000-0000-000000000000}"
	ProjectSection(ProjectDependencies) = postProject
		{2E2B643F-F18B-4791-BA4B-6E82D0E794B6} = {2E2B643F-F18B-4791-BA4B-6E82D0E794B6}
	EndProjectSection
EndProject
Project("{9A19103F-16F7-4668-BE54-9A1E7A4F7556}") = "LibreMetaverse.Rendering.Simple", "LibreMetaverse.Rendering.Simple\LibreMetaverse.Rendering.Simple.csproj", "{29E206AC-0000-0000-0000-000000000000}"
EndProject
Project("{9A19103F-16F7-4668-BE54-9A1E7A4F7556}") = "LibreMetaverse.StructuredData", "LibreMetaverse.StructuredData\LibreMetaverse.StructuredData.csproj", "{89D7A3E5-0000-0000-0000-000000000000}"
EndProject
Project("{9A19103F-16F7-4668-BE54-9A1E7A4F7556}") = "LibreMetaverse.Tests", "LibreMetaverse.Tests\LibreMetaverse.Tests.csproj", "{0CCC2C3D-0000-0000-0000-000000000000}"
EndProject
Project("{9A19103F-16F7-4668-BE54-9A1E7A4F7556}") = "LibreMetaverse.Utilities", "LibreMetaverse.Utilities\LibreMetaverse.Utilities.csproj", "{1266CE08-0000-0000-0000-000000000000}"
EndProject
Project("{9A19103F-16F7-4668-BE54-9A1E7A4F7556}") = "LibreMetaverse.Types", "LibreMetaverseTypes\LibreMetaverse.Types.csproj", "{B37B02AD-0000-0000-0000-000000000000}"
EndProject
Project("{9A19103F-16F7-4668-BE54-9A1E7A4F7556}") = "PacketDump", "Programs\examples\PacketDump\PacketDump.csproj", "{58443010-0000-0000-0000-000000000000}"
EndProject
Project("{9A19103F-16F7-4668-BE54-9A1E7A4F7556}") = "TestClient", "Programs\examples\TestClient\TestClient.csproj", "{9F71FDB3-0000-0000-0000-000000000000}"
EndProject
Project("{9A19103F-16F7-4668-BE54-9A1E7A4F7556}") = "VoiceTest", "Programs\VoiceTest\VoiceTest.csproj", "{EE4EA934-0000-0000-0000-000000000000}"
EndProject
Project("{9A19103F-16F7-4668-BE54-9A1E7A4F7556}") = "LibreMetaverse.PrimMesher", "PrimMesher\LibreMetaverse.PrimMesher.csproj", "{2E2B643F-F18B-4791-BA4B-6E82D0E794B6}"
EndProject
Global
	GlobalSection(SolutionConfigurationPlatforms) = preSolution
		Debug|Any CPU = Debug|Any CPU
		Release|Any CPU = Release|Any CPU
	EndGlobalSection
	GlobalSection(ProjectConfigurationPlatforms) = postSolution
		{95F42663-0000-0000-0000-000000000000}.Debug|Any CPU.ActiveCfg = Debug|Any CPU
		{95F42663-0000-0000-0000-000000000000}.Debug|Any CPU.Build.0 = Debug|Any CPU
		{95F42663-0000-0000-0000-000000000000}.Release|Any CPU.ActiveCfg = Release|Any CPU
		{95F42663-0000-0000-0000-000000000000}.Release|Any CPU.Build.0 = Release|Any CPU
		{C276743B-0000-0000-0000-000000000000}.Debug|Any CPU.ActiveCfg = Debug|Any CPU
		{C276743B-0000-0000-0000-000000000000}.Debug|Any CPU.Build.0 = Debug|Any CPU
		{C276743B-0000-0000-0000-000000000000}.Release|Any CPU.ActiveCfg = Release|Any CPU
		{C276743B-0000-0000-0000-000000000000}.Release|Any CPU.Build.0 = Release|Any CPU
		{79B51DAA-0000-0000-0000-000000000000}.Debug|Any CPU.ActiveCfg = Debug|Any CPU
		{79B51DAA-0000-0000-0000-000000000000}.Debug|Any CPU.Build.0 = Debug|Any CPU
		{79B51DAA-0000-0000-0000-000000000000}.Release|Any CPU.ActiveCfg = Release|Any CPU
		{79B51DAA-0000-0000-0000-000000000000}.Release|Any CPU.Build.0 = Release|Any CPU
		{89049BBC-0000-0000-0000-000000000000}.Debug|Any CPU.ActiveCfg = Debug|Any CPU
		{89049BBC-0000-0000-0000-000000000000}.Debug|Any CPU.Build.0 = Debug|Any CPU
		{89049BBC-0000-0000-0000-000000000000}.Release|Any CPU.ActiveCfg = Release|Any CPU
		{89049BBC-0000-0000-0000-000000000000}.Release|Any CPU.Build.0 = Release|Any CPU
		{27C70F3A-0000-0000-0000-000000000000}.Debug|Any CPU.ActiveCfg = Debug|Any CPU
		{27C70F3A-0000-0000-0000-000000000000}.Debug|Any CPU.Build.0 = Debug|Any CPU
		{27C70F3A-0000-0000-0000-000000000000}.Release|Any CPU.ActiveCfg = Release|Any CPU
		{27C70F3A-0000-0000-0000-000000000000}.Release|Any CPU.Build.0 = Release|Any CPU
		{09C292AF-0000-0000-0000-000000000000}.Debug|Any CPU.ActiveCfg = Debug|Any CPU
		{09C292AF-0000-0000-0000-000000000000}.Debug|Any CPU.Build.0 = Debug|Any CPU
		{09C292AF-0000-0000-0000-000000000000}.Release|Any CPU.ActiveCfg = Release|Any CPU
		{09C292AF-0000-0000-0000-000000000000}.Release|Any CPU.Build.0 = Release|Any CPU
		{95479B1D-0000-0000-0000-000000000000}.Debug|Any CPU.ActiveCfg = Debug|Any CPU
		{95479B1D-0000-0000-0000-000000000000}.Debug|Any CPU.Build.0 = Debug|Any CPU
		{95479B1D-0000-0000-0000-000000000000}.Release|Any CPU.ActiveCfg = Release|Any CPU
		{95479B1D-0000-0000-0000-000000000000}.Release|Any CPU.Build.0 = Release|Any CPU
		{29E206AC-0000-0000-0000-000000000000}.Debug|Any CPU.ActiveCfg = Debug|Any CPU
		{29E206AC-0000-0000-0000-000000000000}.Debug|Any CPU.Build.0 = Debug|Any CPU
		{29E206AC-0000-0000-0000-000000000000}.Release|Any CPU.ActiveCfg = Release|Any CPU
		{29E206AC-0000-0000-0000-000000000000}.Release|Any CPU.Build.0 = Release|Any CPU
		{89D7A3E5-0000-0000-0000-000000000000}.Debug|Any CPU.ActiveCfg = Debug|Any CPU
		{89D7A3E5-0000-0000-0000-000000000000}.Debug|Any CPU.Build.0 = Debug|Any CPU
		{89D7A3E5-0000-0000-0000-000000000000}.Release|Any CPU.ActiveCfg = Release|Any CPU
		{89D7A3E5-0000-0000-0000-000000000000}.Release|Any CPU.Build.0 = Release|Any CPU
		{0CCC2C3D-0000-0000-0000-000000000000}.Debug|Any CPU.ActiveCfg = Debug|Any CPU
		{0CCC2C3D-0000-0000-0000-000000000000}.Debug|Any CPU.Build.0 = Debug|Any CPU
		{0CCC2C3D-0000-0000-0000-000000000000}.Release|Any CPU.ActiveCfg = Release|Any CPU
		{0CCC2C3D-0000-0000-0000-000000000000}.Release|Any CPU.Build.0 = Release|Any CPU
		{1266CE08-0000-0000-0000-000000000000}.Debug|Any CPU.ActiveCfg = Debug|Any CPU
		{1266CE08-0000-0000-0000-000000000000}.Debug|Any CPU.Build.0 = Debug|Any CPU
		{1266CE08-0000-0000-0000-000000000000}.Release|Any CPU.ActiveCfg = Release|Any CPU
		{1266CE08-0000-0000-0000-000000000000}.Release|Any CPU.Build.0 = Release|Any CPU
		{B37B02AD-0000-0000-0000-000000000000}.Debug|Any CPU.ActiveCfg = Debug|Any CPU
		{B37B02AD-0000-0000-0000-000000000000}.Debug|Any CPU.Build.0 = Debug|Any CPU
		{B37B02AD-0000-0000-0000-000000000000}.Release|Any CPU.ActiveCfg = Release|Any CPU
		{B37B02AD-0000-0000-0000-000000000000}.Release|Any CPU.Build.0 = Release|Any CPU
		{58443010-0000-0000-0000-000000000000}.Debug|Any CPU.ActiveCfg = Debug|Any CPU
		{58443010-0000-0000-0000-000000000000}.Debug|Any CPU.Build.0 = Debug|Any CPU
		{58443010-0000-0000-0000-000000000000}.Release|Any CPU.ActiveCfg = Release|Any CPU
		{58443010-0000-0000-0000-000000000000}.Release|Any CPU.Build.0 = Release|Any CPU
		{9F71FDB3-0000-0000-0000-000000000000}.Debug|Any CPU.ActiveCfg = Debug|Any CPU
		{9F71FDB3-0000-0000-0000-000000000000}.Debug|Any CPU.Build.0 = Debug|Any CPU
		{9F71FDB3-0000-0000-0000-000000000000}.Release|Any CPU.ActiveCfg = Release|Any CPU
		{9F71FDB3-0000-0000-0000-000000000000}.Release|Any CPU.Build.0 = Release|Any CPU
		{EE4EA934-0000-0000-0000-000000000000}.Debug|Any CPU.ActiveCfg = Debug|Any CPU
		{EE4EA934-0000-0000-0000-000000000000}.Debug|Any CPU.Build.0 = Debug|Any CPU
		{EE4EA934-0000-0000-0000-000000000000}.Release|Any CPU.ActiveCfg = Release|Any CPU
		{EE4EA934-0000-0000-0000-000000000000}.Release|Any CPU.Build.0 = Release|Any CPU
		{2E2B643F-F18B-4791-BA4B-6E82D0E794B6}.Debug|Any CPU.ActiveCfg = Debug|Any CPU
		{2E2B643F-F18B-4791-BA4B-6E82D0E794B6}.Debug|Any CPU.Build.0 = Debug|Any CPU
		{2E2B643F-F18B-4791-BA4B-6E82D0E794B6}.Release|Any CPU.ActiveCfg = Release|Any CPU
		{2E2B643F-F18B-4791-BA4B-6E82D0E794B6}.Release|Any CPU.Build.0 = Release|Any CPU
	EndGlobalSection
	GlobalSection(SolutionProperties) = preSolution
		HideSolutionNode = FALSE
	EndGlobalSection
	GlobalSection(ExtensibilityGlobals) = postSolution
		SolutionGuid = {39A7E333-AFC1-4BA8-9EBC-9298791FDC78}
	EndGlobalSection
EndGlobal
