Microsoft Visual Studio Solution File, Format Version 14.00
# Visual Studio 2015
Project("{FAE04EC0-301F-11D3-BF4B-00C04F79EFBC}") = "AvatarPreview", "..\libremetaverse\Programs\AvatarPreview\AvatarPreview.csproj", "{93CEA633-0000-0000-0000-000000000000}"
EndProject
Project("{FAE04EC0-301F-11D3-BF4B-00C04F79EFBC}") = "Baker", "..\libremetaverse\Programs\Baker\Baker.csproj", "{95F42663-0000-0000-0000-000000000000}"
EndProject
Project("{FAE04EC0-301F-11D3-BF4B-00C04F79EFBC}") = "CSJ2K", "..\libremetaverse\CSJ2K\CSJ2K.csproj", "{C276743B-0000-0000-0000-000000000000}"
EndProject
Project("{FAE04EC0-301F-11D3-BF4B-00C04F79EFBC}") = "Dashboard", "..\libremetaverse\Programs\examples\Dashboard\Dashboard.csproj", "{592827AA-0000-0000-0000-000000000000}"
EndProject
Project("{FAE04EC0-301F-11D3-BF4B-00C04F79EFBC}") = "GridAccountant", "..\libremetaverse\Programs\examples\GridAccountant\GridAccountant.csproj", "{6DE58F9A-0000-0000-0000-000000000000}"
EndProject
Project("{FAE04EC0-301F-11D3-BF4B-00C04F79EFBC}") = "GridImageUpload", "..\libremetaverse\Programs\GridImageUpload\GridImageUpload.csproj", "{06BD6C42-0000-0000-0000-000000000000}"
EndProject
Project("{FAE04EC0-301F-11D3-BF4B-00C04F79EFBC}") = "GridProxy", "..\libremetaverse\Programs\GridProxy\GridProxy.csproj", "{79B51DAA-0000-0000-0000-000000000000}"
EndProject
Project("{FAE04EC0-301F-11D3-BF4B-00C04F79EFBC}") = "GridProxyApp", "..\libremetaverse\Programs\GridProxy\GridProxyApp.csproj", "{CF6ECF45-0000-0000-0000-000000000000}"
EndProject
Project("{FAE04EC0-301F-11D3-BF4B-00C04F79EFBC}") = "groupmanager", "..\libremetaverse\Programs\examples\groupmanager\groupmanager.csproj", "{97A800BC-0000-0000-0000-000000000000}"
EndProject
Project("{FAE04EC0-301F-11D3-BF4B-00C04F79EFBC}") = "Heightmap", "..\libremetaverse\Programs\examples\Heightmap\Heightmap.csproj", "{16044D2B-0000-0000-0000-000000000000}"
EndProject
Project("{FAE04EC0-301F-11D3-BF4B-00C04F79EFBC}") = "importprimscript", "..\libremetaverse\Programs\importprimscript\importprimscript.csproj", "{95C06600-0000-0000-0000-000000000000}"
EndProject
Project("{FAE04EC0-301F-11D3-BF4B-00C04F79EFBC}") = "IRCGateway", "..\libremetaverse\Programs\examples\IRCGateway\IRCGateway.csproj", "{89049BBC-0000-0000-0000-000000000000}"
EndProject
Project("{FAE04EC0-301F-11D3-BF4B-00C04F79EFBC}") = "LibreMetaverse", "..\libremetaverse\LibreMetaverse\LibreMetaverse.csproj", "{27C70F3A-0000-0000-0000-000000000000}"
EndProject
Project("{FAE04EC0-301F-11D3-BF4B-00C04F79EFBC}") = "LibreMetaverse.GUI", "..\libremetaverse\LibreMetaverse.GUI\LibreMetaverse.GUI.csproj", "{09C292AF-0000-0000-0000-000000000000}"
EndProject
Project("{FAE04EC0-301F-11D3-BF4B-00C04F79EFBC}") = "LibreMetaverse.Rendering.Meshmerizer", "..\libremetaverse\LibreMetaverse.Rendering.Meshmerizer\LibreMetaverse.Rendering.Meshmerizer.csproj", "{95479B1D-0000-0000-0000-000000000000}"
EndProject
Project("{FAE04EC0-301F-11D3-BF4B-00C04F79EFBC}") = "LibreMetaverse.Rendering.Simple", "..\libremetaverse\LibreMetaverse.Rendering.Simple\LibreMetaverse.Rendering.Simple.csproj", "{29E206AC-0000-0000-0000-000000000000}"
EndProject
Project("{FAE04EC0-301F-11D3-BF4B-00C04F79EFBC}") = "LibreMetaverse.StructuredData", "..\libremetaverse\LibreMetaverse.StructuredData\LibreMetaverse.StructuredData.csproj", "{89D7A3E5-0000-0000-0000-000000000000}"
EndProject
Project("{FAE04EC0-301F-11D3-BF4B-00C04F79EFBC}") = "LibreMetaverse.Tests", "..\libremetaverse\LibreMetaverse.Tests\LibreMetaverse.Tests.csproj", "{0CCC2C3D-0000-0000-0000-000000000000}"
EndProject
Project("{FAE04EC0-301F-11D3-BF4B-00C04F79EFBC}") = "LibreMetaverse.Utilities", "..\libremetaverse\LibreMetaverse.Utilities\LibreMetaverse.Utilities.csproj", "{1266CE08-0000-0000-0000-000000000000}"
EndProject
Project("{FAE04EC0-301F-11D3-BF4B-00C04F79EFBC}") = "LibreMetaverseTypes", "..\libremetaverse\LibreMetaverseTypes\LibreMetaverseTypes.csproj", "{B37B02AD-0000-0000-0000-000000000000}"
EndProject
Project("{FAE04EC0-301F-11D3-BF4B-00C04F79EFBC}") = "mapgenerator", "..\libremetaverse\Programs\mapgenerator\mapgenerator.csproj", "{2867B4B3-0000-0000-0000-000000000000}"
EndProject
Project("{FAE04EC0-301F-11D3-BF4B-00C04F79EFBC}") = "PacketDump", "..\libremetaverse\Programs\examples\PacketDump\PacketDump.csproj", "{58443010-0000-0000-0000-000000000000}"
EndProject
Project("{FAE04EC0-301F-11D3-BF4B-00C04F79EFBC}") = "PrimWorkshop", "..\libremetaverse\Programs\PrimWorkshop\PrimWorkshop.csproj", "{AC949F03-0000-0000-0000-000000000000}"
EndProject
Project("{FAE04EC0-301F-11D3-BF4B-00C04F79EFBC}") = "TestClient", "..\libremetaverse\Programs\examples\TestClient\TestClient.csproj", "{9F71FDB3-0000-0000-0000-000000000000}"
EndProject
Project("{FAE04EC0-301F-11D3-BF4B-00C04F79EFBC}") = "VisualParamGenerator", "..\libremetaverse\Programs\VisualParamGenerator\VisualParamGenerator.csproj", "{CF93CDA8-0000-0000-0000-000000000000}"
EndProject
Project("{FAE04EC0-301F-11D3-BF4B-00C04F79EFBC}") = "VoiceTest", "..\libremetaverse\Programs\VoiceTest\VoiceTest.csproj", "{EE4EA934-0000-0000-0000-000000000000}"
EndProject
Project("{FAE04EC0-301F-11D3-BF4B-00C04F79EFBC}") = "WinGridProxy", "..\libremetaverse\Programs\WinGridProxy\WinGridProxy.csproj", "{455B06F4-0000-0000-0000-000000000000}"
EndProject
Global
	GlobalSection(SolutionConfigurationPlatforms) = preSolution
		Debug|Any CPU = Debug|Any CPU
		Release|Any CPU = Release|Any CPU
	EndGlobalSection
	GlobalSection(ProjectConfigurationPlatforms) = postSolution
		{93CEA633-0000-0000-0000-000000000000}.Debug|Any CPU.ActiveCfg = Debug|Any CPU
		{93CEA633-0000-0000-0000-000000000000}.Debug|Any CPU.Build.0 = Debug|Any CPU
		{93CEA633-0000-0000-0000-000000000000}.Release|Any CPU.ActiveCfg = Release|Any CPU
		{93CEA633-0000-0000-0000-000000000000}.Release|Any CPU.Build.0 = Release|Any CPU
		{95F42663-0000-0000-0000-000000000000}.Debug|Any CPU.ActiveCfg = Debug|Any CPU
		{95F42663-0000-0000-0000-000000000000}.Debug|Any CPU.Build.0 = Debug|Any CPU
		{95F42663-0000-0000-0000-000000000000}.Release|Any CPU.ActiveCfg = Release|Any CPU
		{95F42663-0000-0000-0000-000000000000}.Release|Any CPU.Build.0 = Release|Any CPU
		{C276743B-0000-0000-0000-000000000000}.Debug|Any CPU.ActiveCfg = Debug|Any CPU
		{C276743B-0000-0000-0000-000000000000}.Debug|Any CPU.Build.0 = Debug|Any CPU
		{C276743B-0000-0000-0000-000000000000}.Release|Any CPU.ActiveCfg = Release|Any CPU
		{C276743B-0000-0000-0000-000000000000}.Release|Any CPU.Build.0 = Release|Any CPU
		{592827AA-0000-0000-0000-000000000000}.Debug|Any CPU.ActiveCfg = Debug|Any CPU
		{592827AA-0000-0000-0000-000000000000}.Debug|Any CPU.Build.0 = Debug|Any CPU
		{592827AA-0000-0000-0000-000000000000}.Release|Any CPU.ActiveCfg = Release|Any CPU
		{592827AA-0000-0000-0000-000000000000}.Release|Any CPU.Build.0 = Release|Any CPU
		{6DE58F9A-0000-0000-0000-000000000000}.Debug|Any CPU.ActiveCfg = Debug|Any CPU
		{6DE58F9A-0000-0000-0000-000000000000}.Debug|Any CPU.Build.0 = Debug|Any CPU
		{6DE58F9A-0000-0000-0000-000000000000}.Release|Any CPU.ActiveCfg = Release|Any CPU
		{6DE58F9A-0000-0000-0000-000000000000}.Release|Any CPU.Build.0 = Release|Any CPU
		{06BD6C42-0000-0000-0000-000000000000}.Debug|Any CPU.ActiveCfg = Debug|Any CPU
		{06BD6C42-0000-0000-0000-000000000000}.Debug|Any CPU.Build.0 = Debug|Any CPU
		{06BD6C42-0000-0000-0000-000000000000}.Release|Any CPU.ActiveCfg = Release|Any CPU
		{06BD6C42-0000-0000-0000-000000000000}.Release|Any CPU.Build.0 = Release|Any CPU
		{79B51DAA-0000-0000-0000-000000000000}.Debug|Any CPU.ActiveCfg = Debug|Any CPU
		{79B51DAA-0000-0000-0000-000000000000}.Debug|Any CPU.Build.0 = Debug|Any CPU
		{79B51DAA-0000-0000-0000-000000000000}.Release|Any CPU.ActiveCfg = Release|Any CPU
		{79B51DAA-0000-0000-0000-000000000000}.Release|Any CPU.Build.0 = Release|Any CPU
		{CF6ECF45-0000-0000-0000-000000000000}.Debug|Any CPU.ActiveCfg = Debug|Any CPU
		{CF6ECF45-0000-0000-0000-000000000000}.Debug|Any CPU.Build.0 = Debug|Any CPU
		{CF6ECF45-0000-0000-0000-000000000000}.Release|Any CPU.ActiveCfg = Release|Any CPU
		{CF6ECF45-0000-0000-0000-000000000000}.Release|Any CPU.Build.0 = Release|Any CPU
		{97A800BC-0000-0000-0000-000000000000}.Debug|Any CPU.ActiveCfg = Debug|Any CPU
		{97A800BC-0000-0000-0000-000000000000}.Debug|Any CPU.Build.0 = Debug|Any CPU
		{97A800BC-0000-0000-0000-000000000000}.Release|Any CPU.ActiveCfg = Release|Any CPU
		{97A800BC-0000-0000-0000-000000000000}.Release|Any CPU.Build.0 = Release|Any CPU
		{16044D2B-0000-0000-0000-000000000000}.Debug|Any CPU.ActiveCfg = Debug|Any CPU
		{16044D2B-0000-0000-0000-000000000000}.Debug|Any CPU.Build.0 = Debug|Any CPU
		{16044D2B-0000-0000-0000-000000000000}.Release|Any CPU.ActiveCfg = Release|Any CPU
		{16044D2B-0000-0000-0000-000000000000}.Release|Any CPU.Build.0 = Release|Any CPU
		{95C06600-0000-0000-0000-000000000000}.Debug|Any CPU.ActiveCfg = Debug|Any CPU
		{95C06600-0000-0000-0000-000000000000}.Debug|Any CPU.Build.0 = Debug|Any CPU
		{95C06600-0000-0000-0000-000000000000}.Release|Any CPU.ActiveCfg = Release|Any CPU
		{95C06600-0000-0000-0000-000000000000}.Release|Any CPU.Build.0 = Release|Any CPU
		{89049BBC-0000-0000-0000-000000000000}.Debug|Any CPU.ActiveCfg = Debug|Any CPU
		{89049BBC-0000-0000-0000-000000000000}.Debug|Any CPU.Build.0 = Debug|Any CPU
		{89049BBC-0000-0000-0000-000000000000}.Release|Any CPU.ActiveCfg = Release|Any CPU
		{89049BBC-0000-0000-0000-000000000000}.Release|Any CPU.Build.0 = Release|Any CPU
		{27C70F3A-0000-0000-0000-000000000000}.Debug|Any CPU.ActiveCfg = Debug|Any CPU
		{27C70F3A-0000-0000-0000-000000000000}.Debug|Any CPU.Build.0 = Debug|Any CPU
		{27C70F3A-0000-0000-0000-000000000000}.Release|Any CPU.ActiveCfg = Release|Any CPU
		{27C70F3A-0000-0000-0000-000000000000}.Release|Any CPU.Build.0 = Release|Any CPU
		{09C292AF-0000-0000-0000-000000000000}.Debug|Any CPU.ActiveCfg = Debug|Any CPU
		{09C292AF-0000-0000-0000-000000000000}.Debug|Any CPU.Build.0 = Debug|Any CPU
		{09C292AF-0000-0000-0000-000000000000}.Release|Any CPU.ActiveCfg = Release|Any CPU
		{09C292AF-0000-0000-0000-000000000000}.Release|Any CPU.Build.0 = Release|Any CPU
		{95479B1D-0000-0000-0000-000000000000}.Debug|Any CPU.ActiveCfg = Debug|Any CPU
		{95479B1D-0000-0000-0000-000000000000}.Debug|Any CPU.Build.0 = Debug|Any CPU
		{95479B1D-0000-0000-0000-000000000000}.Release|Any CPU.ActiveCfg = Release|Any CPU
		{95479B1D-0000-0000-0000-000000000000}.Release|Any CPU.Build.0 = Release|Any CPU
		{29E206AC-0000-0000-0000-000000000000}.Debug|Any CPU.ActiveCfg = Debug|Any CPU
		{29E206AC-0000-0000-0000-000000000000}.Debug|Any CPU.Build.0 = Debug|Any CPU
		{29E206AC-0000-0000-0000-000000000000}.Release|Any CPU.ActiveCfg = Release|Any CPU
		{29E206AC-0000-0000-0000-000000000000}.Release|Any CPU.Build.0 = Release|Any CPU
		{89D7A3E5-0000-0000-0000-000000000000}.Debug|Any CPU.ActiveCfg = Debug|Any CPU
		{89D7A3E5-0000-0000-0000-000000000000}.Debug|Any CPU.Build.0 = Debug|Any CPU
		{89D7A3E5-0000-0000-0000-000000000000}.Release|Any CPU.ActiveCfg = Release|Any CPU
		{89D7A3E5-0000-0000-0000-000000000000}.Release|Any CPU.Build.0 = Release|Any CPU
		{0CCC2C3D-0000-0000-0000-000000000000}.Debug|Any CPU.ActiveCfg = Debug|Any CPU
		{0CCC2C3D-0000-0000-0000-000000000000}.Debug|Any CPU.Build.0 = Debug|Any CPU
		{0CCC2C3D-0000-0000-0000-000000000000}.Release|Any CPU.ActiveCfg = Release|Any CPU
		{0CCC2C3D-0000-0000-0000-000000000000}.Release|Any CPU.Build.0 = Release|Any CPU
		{1266CE08-0000-0000-0000-000000000000}.Debug|Any CPU.ActiveCfg = Debug|Any CPU
		{1266CE08-0000-0000-0000-000000000000}.Debug|Any CPU.Build.0 = Debug|Any CPU
		{1266CE08-0000-0000-0000-000000000000}.Release|Any CPU.ActiveCfg = Release|Any CPU
		{1266CE08-0000-0000-0000-000000000000}.Release|Any CPU.Build.0 = Release|Any CPU
		{B37B02AD-0000-0000-0000-000000000000}.Debug|Any CPU.ActiveCfg = Debug|Any CPU
		{B37B02AD-0000-0000-0000-000000000000}.Debug|Any CPU.Build.0 = Debug|Any CPU
		{B37B02AD-0000-0000-0000-000000000000}.Release|Any CPU.ActiveCfg = Release|Any CPU
		{B37B02AD-0000-0000-0000-000000000000}.Release|Any CPU.Build.0 = Release|Any CPU
		{2867B4B3-0000-0000-0000-000000000000}.Debug|Any CPU.ActiveCfg = Debug|Any CPU
		{2867B4B3-0000-0000-0000-000000000000}.Debug|Any CPU.Build.0 = Debug|Any CPU
		{2867B4B3-0000-0000-0000-000000000000}.Release|Any CPU.ActiveCfg = Release|Any CPU
		{2867B4B3-0000-0000-0000-000000000000}.Release|Any CPU.Build.0 = Release|Any CPU
		{58443010-0000-0000-0000-000000000000}.Debug|Any CPU.ActiveCfg = Debug|Any CPU
		{58443010-0000-0000-0000-000000000000}.Debug|Any CPU.Build.0 = Debug|Any CPU
		{58443010-0000-0000-0000-000000000000}.Release|Any CPU.ActiveCfg = Release|Any CPU
		{58443010-0000-0000-0000-000000000000}.Release|Any CPU.Build.0 = Release|Any CPU
		{AC949F03-0000-0000-0000-000000000000}.Debug|Any CPU.ActiveCfg = Debug|Any CPU
		{AC949F03-0000-0000-0000-000000000000}.Debug|Any CPU.Build.0 = Debug|Any CPU
		{AC949F03-0000-0000-0000-000000000000}.Release|Any CPU.ActiveCfg = Release|Any CPU
		{AC949F03-0000-0000-0000-000000000000}.Release|Any CPU.Build.0 = Release|Any CPU
		{9F71FDB3-0000-0000-0000-000000000000}.Debug|Any CPU.ActiveCfg = Debug|Any CPU
		{9F71FDB3-0000-0000-0000-000000000000}.Debug|Any CPU.Build.0 = Debug|Any CPU
		{9F71FDB3-0000-0000-0000-000000000000}.Release|Any CPU.ActiveCfg = Release|Any CPU
		{9F71FDB3-0000-0000-0000-000000000000}.Release|Any CPU.Build.0 = Release|Any CPU
		{CF93CDA8-0000-0000-0000-000000000000}.Debug|Any CPU.ActiveCfg = Debug|Any CPU
		{CF93CDA8-0000-0000-0000-000000000000}.Debug|Any CPU.Build.0 = Debug|Any CPU
		{CF93CDA8-0000-0000-0000-000000000000}.Release|Any CPU.ActiveCfg = Release|Any CPU
		{CF93CDA8-0000-0000-0000-000000000000}.Release|Any CPU.Build.0 = Release|Any CPU
		{EE4EA934-0000-0000-0000-000000000000}.Debug|Any CPU.ActiveCfg = Debug|Any CPU
		{EE4EA934-0000-0000-0000-000000000000}.Debug|Any CPU.Build.0 = Debug|Any CPU
		{EE4EA934-0000-0000-0000-000000000000}.Release|Any CPU.ActiveCfg = Release|Any CPU
		{EE4EA934-0000-0000-0000-000000000000}.Release|Any CPU.Build.0 = Release|Any CPU
		{455B06F4-0000-0000-0000-000000000000}.Debug|Any CPU.ActiveCfg = Debug|Any CPU
		{455B06F4-0000-0000-0000-000000000000}.Debug|Any CPU.Build.0 = Debug|Any CPU
		{455B06F4-0000-0000-0000-000000000000}.Release|Any CPU.ActiveCfg = Release|Any CPU
		{455B06F4-0000-0000-0000-000000000000}.Release|Any CPU.Build.0 = Release|Any CPU
	EndGlobalSection
EndGlobal
